
Microsoft Visual Studio Solution File, Format Version 12.00
# Visual Studio Version 17
VisualStudioVersion = 17.8.34408.163
MinimumVisualStudioVersion = 10.0.40219.1
Project("{FAE04EC0-301F-11D3-BF4B-00C04F79EFBC}") = "ButteryBiscuitBase.Core", "ButteryBiscuitBase.Core.csproj", "{05578E73-7347-4CFC-9104-8D482B577D89}"
EndProject
Project("{FAE04EC0-301F-11D3-BF4B-00C04F79EFBC}") = "ButteryBiscuitBase.Domain", "..\ButteryBiscuitBoilerPlate.Domain\ButteryBiscuitBase.Domain.csproj", "{E828BBCE-34B1-4959-8EEA-C5D7C9F1E1C6}"
EndProject
Global
	GlobalSection(SolutionConfigurationPlatforms) = preSolution
		Debug|Any CPU = Debug|Any CPU
		Release|Any CPU = Release|Any CPU
	EndGlobalSection
	GlobalSection(ProjectConfigurationPlatforms) = postSolution
		{05578E73-7347-4CFC-9104-8D482B577D89}.Debug|Any CPU.ActiveCfg = Debug|Any CPU
		{05578E73-7347-4CFC-9104-8D482B577D89}.Debug|Any CPU.Build.0 = Debug|Any CPU
		{05578E73-7347-4CFC-9104-8D482B577D89}.Release|Any CPU.ActiveCfg = Release|Any CPU
		{05578E73-7347-4CFC-9104-8D482B577D89}.Release|Any CPU.Build.0 = Release|Any CPU
		{E828BBCE-34B1-4959-8EEA-C5D7C9F1E1C6}.Debug|Any CPU.ActiveCfg = Debug|Any CPU
		{E828BBCE-34B1-4959-8EEA-C5D7C9F1E1C6}.Debug|Any CPU.Build.0 = Debug|Any CPU
		{E828BBCE-34B1-4959-8EEA-C5D7C9F1E1C6}.Release|Any CPU.ActiveCfg = Release|Any CPU
		{E828BBCE-34B1-4959-8EEA-C5D7C9F1E1C6}.Release|Any CPU.Build.0 = Release|Any CPU
	EndGlobalSection
	GlobalSection(SolutionProperties) = preSolution
		HideSolutionNode = FALSE
	EndGlobalSection
	GlobalSection(ExtensibilityGlobals) = postSolution
		SolutionGuid = {03B8DC95-B716-4209-ABDA-DE536AFE27C7}
	EndGlobalSection
EndGlobal
